Microsoft Visual Studio Solution File, Format Version 12.00
# Visual Studio Version 17
VisualStudioVersion = 17.5.2.0
MinimumVisualStudioVersion = 10.0.40219.1
Project("{FAE04EC0-301F-11D3-BF4B-00C04F79EFBC}") = "newkaraoke", "newkaraoke.csproj", "{91367127-F303-3CCF-2048-564D95B4592D}"
EndProject
Global
	GlobalSection(SolutionConfigurationPlatforms) = preSolution
		Debug|Any CPU = Debug|Any CPU
		Release|Any CPU = Release|Any CPU
	EndGlobalSection
	GlobalSection(ProjectConfigurationPlatforms) = postSolution
		{91367127-F303-3CCF-2048-564D95B4592D}.Debug|Any CPU.ActiveCfg = Debug|Any CPU
		{91367127-F303-3CCF-2048-564D95B4592D}.Debug|Any CPU.Build.0 = Debug|Any CPU
		{91367127-F303-3CCF-2048-564D95B4592D}.Release|Any CPU.ActiveCfg = Release|Any CPU
		{91367127-F303-3CCF-2048-564D95B4592D}.Release|Any CPU.Build.0 = Release|Any CPU
	EndGlobalSection
	GlobalSection(SolutionProperties) = preSolution
		HideSolutionNode = FALSE
	EndGlobalSection
	GlobalSection(ExtensibilityGlobals) = postSolution
		SolutionGuid = {C468CEBA-F00B-4C94-A59F-26C6F1DC1AA8}
	EndGlobalSection
EndGlobal
